// !$*UTF8*$!
{
	archiveVersion = 1;
	classes = {
	};
	objectVersion = 50;
	objects = {

/* Begin PBXBuildFile section */
		3A00D89526811E490021E0B2 /* AppState.swift in Sources */ = {isa = PBXBuildFile; fileRef = 3A00D89426811E490021E0B2 /* AppState.swift */; };
		3A18F4BC271A137A0014F161 /* SettingsView.swift in Sources */ = {isa = PBXBuildFile; fileRef = 3A42C41126AD1E07005BC5F6 /* SettingsView.swift */; };
		3A18F4BD271A137E0014F161 /* InstancesView.swift in Sources */ = {isa = PBXBuildFile; fileRef = 3A3436392685059C00AD52A1 /* InstancesView.swift */; };
		3A18F4BE271A13830014F161 /* Dictionary+RawRepresentable.swift in Sources */ = {isa = PBXBuildFile; fileRef = 3AFB01E526852253005BFDBA /* Dictionary+RawRepresentable.swift */; };
		3A18F4BF271A13850014F161 /* Array+RawRepresentable.swift in Sources */ = {isa = PBXBuildFile; fileRef = 3AFB01E726852273005BFDBA /* Array+RawRepresentable.swift */; };
		3A18F4C1271A154A0014F161 /* PrivacyRedirectApp.swift in Sources */ = {isa = PBXBuildFile; fileRef = 3A18F4C0271A154A0014F161 /* PrivacyRedirectApp.swift */; };
		3A18F4C3271A154E0014F161 /* ContentView.swift in Sources */ = {isa = PBXBuildFile; fileRef = 3A18F4C2271A154E0014F161 /* ContentView.swift */; };
		3A34363A2685059C00AD52A1 /* InstancesView.swift in Sources */ = {isa = PBXBuildFile; fileRef = 3A3436392685059C00AD52A1 /* InstancesView.swift */; };
		3A42C41226AD1E07005BC5F6 /* SettingsView.swift in Sources */ = {isa = PBXBuildFile; fileRef = 3A42C41126AD1E07005BC5F6 /* SettingsView.swift */; };
		3A71F3182673F606008ECB88 /* pages in Resources */ = {isa = PBXBuildFile; fileRef = 3A71F3142673F605008ECB88 /* pages */; };
		3A71F3192673F606008ECB88 /* manifest.json in Resources */ = {isa = PBXBuildFile; fileRef = 3A71F3152673F605008ECB88 /* manifest.json */; };
		3A71F31B2673F606008ECB88 /* assets in Resources */ = {isa = PBXBuildFile; fileRef = 3A71F3172673F606008ECB88 /* assets */; };
		3A7218BD270A5BB8000A271D /* Privacy Redirect for Safari Extension.appex in Embed App Extensions */ = {isa = PBXBuildFile; fileRef = 3A7218BC270A5BB8000A271D /* Privacy Redirect for Safari Extension.appex */; settings = {ATTRIBUTES = (RemoveHeadersOnCopy, ); }; };
		3A7218C2270A5BB8000A271D /* SafariWebExtensionHandler.swift in Sources */ = {isa = PBXBuildFile; fileRef = 3A7218C1270A5BB8000A271D /* SafariWebExtensionHandler.swift */; };
		3A7218C9270A5BB8000A271D /* manifest.json in Resources */ = {isa = PBXBuildFile; fileRef = 3A7218C8270A5BB8000A271D /* manifest.json */; };
		3A7218CB270A5BB8000A271D /* background.js in Resources */ = {isa = PBXBuildFile; fileRef = 3A7218CA270A5BB8000A271D /* background.js */; };
		3A7218D5270A5BB8000A271D /* Assets.xcassets in Resources */ = {isa = PBXBuildFile; fileRef = 3A7218B6270A5BB8000A271D /* Assets.xcassets */; };
		3A757AB52681133800EE7CFF /* PrivacyRedirectApp.swift in Sources */ = {isa = PBXBuildFile; fileRef = 3A757AB42681133800EE7CFF /* PrivacyRedirectApp.swift */; };
		3A757AB72681136F00EE7CFF /* ContentView.swift in Sources */ = {isa = PBXBuildFile; fileRef = 3A757AB62681136F00EE7CFF /* ContentView.swift */; };
		3A7954132718B0E30074E832 /* assets in Resources */ = {isa = PBXBuildFile; fileRef = 3A71F3172673F606008ECB88 /* assets */; };
		3A9ADCA72673E3210051292A /* Assets.xcassets in Resources */ = {isa = PBXBuildFile; fileRef = 3A9ADCA62673E3210051292A /* Assets.xcassets */; };
		3A9ADCAE2673E3220051292A /* Privacy Redirect for Safari Extension.appex in Embed App Extensions */ = {isa = PBXBuildFile; fileRef = 3A9ADCAD2673E3220051292A /* Privacy Redirect for Safari Extension.appex */; settings = {ATTRIBUTES = (RemoveHeadersOnCopy, ); }; };
		3A9ADCB32673E3220051292A /* Cocoa.framework in Frameworks */ = {isa = PBXBuildFile; fileRef = 3A9ADCB22673E3220051292A /* Cocoa.framework */; };
		3A9ADCB62673E3220051292A /* SafariWebExtensionHandler.swift in Sources */ = {isa = PBXBuildFile; fileRef = 3A9ADCB52673E3220051292A /* SafariWebExtensionHandler.swift */; };
		3AFB01E626852253005BFDBA /* Dictionary+RawRepresentable.swift in Sources */ = {isa = PBXBuildFile; fileRef = 3AFB01E526852253005BFDBA /* Dictionary+RawRepresentable.swift */; };
		3AFB01E826852273005BFDBA /* Array+RawRepresentable.swift in Sources */ = {isa = PBXBuildFile; fileRef = 3AFB01E726852273005BFDBA /* Array+RawRepresentable.swift */; };
/* End PBXBuildFile section */

/* Begin PBXContainerItemProxy section */
		3A7218BE270A5BB8000A271D /* PBXContainerItemProxy */ = {
			isa = PBXContainerItemProxy;
			containerPortal = 3A9ADC932673E3210051292A /* Project object */;
			proxyType = 1;
			remoteGlobalIDString = 3A7218BB270A5BB8000A271D;
			remoteInfo = "Privacy Redirect for Safari (iOS) Extension";
		};
		3A9ADCAF2673E3220051292A /* PBXContainerItemProxy */ = {
			isa = PBXContainerItemProxy;
			containerPortal = 3A9ADC932673E3210051292A /* Project object */;
			proxyType = 1;
			remoteGlobalIDString = 3A9ADCAC2673E3220051292A;
			remoteInfo = "Privacy Redirect for Safari Extension";
		};
/* End PBXContainerItemProxy section */

/* Begin PBXCopyFilesBuildPhase section */
		3A7218D8270A5BB8000A271D /* Embed App Extensions */ = {
			isa = PBXCopyFilesBuildPhase;
			buildActionMask = 2147483647;
			dstPath = "";
			dstSubfolderSpec = 13;
			files = (
				3A7218BD270A5BB8000A271D /* Privacy Redirect for Safari Extension.appex in Embed App Extensions */,
			);
			name = "Embed App Extensions";
			runOnlyForDeploymentPostprocessing = 0;
		};
		3A9ADCBE2673E3220051292A /* Embed App Extensions */ = {
			isa = PBXCopyFilesBuildPhase;
			buildActionMask = 2147483647;
			dstPath = "";
			dstSubfolderSpec = 13;
			files = (
				3A9ADCAE2673E3220051292A /* Privacy Redirect for Safari Extension.appex in Embed App Extensions */,
			);
			name = "Embed App Extensions";
			runOnlyForDeploymentPostprocessing = 0;
		};
/* End PBXCopyFilesBuildPhase section */

/* Begin PBXFileReference section */
		3A00D89426811E490021E0B2 /* AppState.swift */ = {isa = PBXFileReference; lastKnownFileType = sourcecode.swift; path = AppState.swift; sourceTree = "<group>"; };
		3A18F4C0271A154A0014F161 /* PrivacyRedirectApp.swift */ = {isa = PBXFileReference; lastKnownFileType = sourcecode.swift; path = PrivacyRedirectApp.swift; sourceTree = "<group>"; };
		3A18F4C2271A154E0014F161 /* ContentView.swift */ = {isa = PBXFileReference; lastKnownFileType = sourcecode.swift; path = ContentView.swift; sourceTree = "<group>"; };
		3A3436392685059C00AD52A1 /* InstancesView.swift */ = {isa = PBXFileReference; lastKnownFileType = sourcecode.swift; path = InstancesView.swift; sourceTree = "<group>"; };
		3A42C41126AD1E07005BC5F6 /* SettingsView.swift */ = {isa = PBXFileReference; lastKnownFileType = sourcecode.swift; path = SettingsView.swift; sourceTree = "<group>"; };
		3A71F3142673F605008ECB88 /* pages */ = {isa = PBXFileReference; lastKnownFileType = folder; path = pages; sourceTree = "<group>"; };
		3A71F3152673F605008ECB88 /* manifest.json */ = {isa = PBXFileReference; fileEncoding = 4; lastKnownFileType = text.json; path = manifest.json; sourceTree = "<group>"; };
		3A71F3172673F606008ECB88 /* assets */ = {isa = PBXFileReference; lastKnownFileType = folder; path = assets; sourceTree = "<group>"; };
		3A7218A0270A5BB7000A271D /* Privacy Redirect for Safari.app */ = {isa = PBXFileReference; explicitFileType = wrapper.application; includeInIndex = 0; path = "Privacy Redirect for Safari.app"; sourceTree = BUILT_PRODUCTS_DIR; };
		3A7218B6270A5BB8000A271D /* Assets.xcassets */ = {isa = PBXFileReference; lastKnownFileType = folder.assetcatalog; path = Assets.xcassets; sourceTree = "<group>"; };
		3A7218B7270A5BB8000A271D /* Info.plist */ = {isa = PBXFileReference; lastKnownFileType = text.plist.xml; path = Info.plist; sourceTree = "<group>"; };
		3A7218BC270A5BB8000A271D /* Privacy Redirect for Safari Extension.appex */ = {isa = PBXFileReference; explicitFileType = "wrapper.app-extension"; includeInIndex = 0; path = "Privacy Redirect for Safari Extension.appex"; sourceTree = BUILT_PRODUCTS_DIR; };
		3A7218C1270A5BB8000A271D /* SafariWebExtensionHandler.swift */ = {isa = PBXFileReference; lastKnownFileType = sourcecode.swift; path = SafariWebExtensionHandler.swift; sourceTree = "<group>"; };
		3A7218C8270A5BB8000A271D /* manifest.json */ = {isa = PBXFileReference; lastKnownFileType = text.json; path = manifest.json; sourceTree = "<group>"; };
		3A7218CA270A5BB8000A271D /* background.js */ = {isa = PBXFileReference; lastKnownFileType = sourcecode.javascript; path = background.js; sourceTree = "<group>"; };
		3A7218D4270A5BB8000A271D /* Info.plist */ = {isa = PBXFileReference; lastKnownFileType = text.plist.xml; path = Info.plist; sourceTree = "<group>"; };
		3A757AB42681133800EE7CFF /* PrivacyRedirectApp.swift */ = {isa = PBXFileReference; lastKnownFileType = sourcecode.swift; path = PrivacyRedirectApp.swift; sourceTree = "<group>"; };
		3A757AB62681136F00EE7CFF /* ContentView.swift */ = {isa = PBXFileReference; lastKnownFileType = sourcecode.swift; path = ContentView.swift; sourceTree = "<group>"; };
		3A9ADC9B2673E3210051292A /* Privacy Redirect for Safari.app */ = {isa = PBXFileReference; explicitFileType = wrapper.application; includeInIndex = 0; path = "Privacy Redirect for Safari.app"; sourceTree = BUILT_PRODUCTS_DIR; };
		3A9ADC9E2673E3210051292A /* Privacy_Redirect_for_Safari.entitlements */ = {isa = PBXFileReference; lastKnownFileType = text.plist.entitlements; path = Privacy_Redirect_for_Safari.entitlements; sourceTree = "<group>"; };
		3A9ADCA62673E3210051292A /* Assets.xcassets */ = {isa = PBXFileReference; lastKnownFileType = folder.assetcatalog; path = Assets.xcassets; sourceTree = "<group>"; };
		3A9ADCA82673E3210051292A /* Info.plist */ = {isa = PBXFileReference; lastKnownFileType = text.plist.xml; path = Info.plist; sourceTree = "<group>"; };
		3A9ADCAD2673E3220051292A /* Privacy Redirect for Safari Extension.appex */ = {isa = PBXFileReference; explicitFileType = "wrapper.app-extension"; includeInIndex = 0; path = "Privacy Redirect for Safari Extension.appex"; sourceTree = BUILT_PRODUCTS_DIR; };
		3A9ADCB22673E3220051292A /* Cocoa.framework */ = {isa = PBXFileReference; lastKnownFileType = wrapper.framework; name = Cocoa.framework; path = System/Library/Frameworks/Cocoa.framework; sourceTree = SDKROOT; };
		3A9ADCB52673E3220051292A /* SafariWebExtensionHandler.swift */ = {isa = PBXFileReference; lastKnownFileType = sourcecode.swift; path = SafariWebExtensionHandler.swift; sourceTree = "<group>"; };
		3A9ADCB72673E3220051292A /* Info.plist */ = {isa = PBXFileReference; lastKnownFileType = text.plist.xml; path = Info.plist; sourceTree = "<group>"; };
		3A9ADCB82673E3220051292A /* Privacy_Redirect_for_Safari_Extension.entitlements */ = {isa = PBXFileReference; lastKnownFileType = text.plist.entitlements; path = Privacy_Redirect_for_Safari_Extension.entitlements; sourceTree = "<group>"; };
		3AFB01E526852253005BFDBA /* Dictionary+RawRepresentable.swift */ = {isa = PBXFileReference; lastKnownFileType = sourcecode.swift; path = "Dictionary+RawRepresentable.swift"; sourceTree = "<group>"; };
		3AFB01E726852273005BFDBA /* Array+RawRepresentable.swift */ = {isa = PBXFileReference; lastKnownFileType = sourcecode.swift; path = "Array+RawRepresentable.swift"; sourceTree = "<group>"; };
/* End PBXFileReference section */

/* Begin PBXFrameworksBuildPhase section */
		3A72189D270A5BB6000A271D /* Frameworks */ = {
			isa = PBXFrameworksBuildPhase;
			buildActionMask = 2147483647;
			files = (
			);
			runOnlyForDeploymentPostprocessing = 0;
		};
		3A7218B9270A5BB8000A271D /* Frameworks */ = {
			isa = PBXFrameworksBuildPhase;
			buildActionMask = 2147483647;
			files = (
			);
			runOnlyForDeploymentPostprocessing = 0;
		};
		3A9ADC982673E3210051292A /* Frameworks */ = {
			isa = PBXFrameworksBuildPhase;
			buildActionMask = 2147483647;
			files = (
			);
			runOnlyForDeploymentPostprocessing = 0;
		};
		3A9ADCAA2673E3220051292A /* Frameworks */ = {
			isa = PBXFrameworksBuildPhase;
			buildActionMask = 2147483647;
			files = (
				3A9ADCB32673E3220051292A /* Cocoa.framework in Frameworks */,
			);
			runOnlyForDeploymentPostprocessing = 0;
		};
/* End PBXFrameworksBuildPhase section */

/* Begin PBXGroup section */
		3A7218A1270A5BB7000A271D /* iOS (App) */ = {
			isa = PBXGroup;
			children = (
				3A18F4C0271A154A0014F161 /* PrivacyRedirectApp.swift */,
				3A18F4C2271A154E0014F161 /* ContentView.swift */,
				3A7218B6270A5BB8000A271D /* Assets.xcassets */,
				3A7218B7270A5BB8000A271D /* Info.plist */,
			);
			path = "iOS (App)";
			sourceTree = "<group>";
		};
		3A7218C0270A5BB8000A271D /* iOS (Extension) */ = {
			isa = PBXGroup;
			children = (
				3A7218C3270A5BB8000A271D /* Resources */,
				3A7218C1270A5BB8000A271D /* SafariWebExtensionHandler.swift */,
				3A7218D4270A5BB8000A271D /* Info.plist */,
			);
			path = "iOS (Extension)";
			sourceTree = "<group>";
		};
		3A7218C3270A5BB8000A271D /* Resources */ = {
			isa = PBXGroup;
			children = (
				3A7218C8270A5BB8000A271D /* manifest.json */,
				3A7218CA270A5BB8000A271D /* background.js */,
			);
			path = Resources;
			sourceTree = "<group>";
		};
		3A7954142718B0E80074E832 /* Resources */ = {
			isa = PBXGroup;
			children = (
				3A71F3152673F605008ECB88 /* manifest.json */,
				3A71F3142673F605008ECB88 /* pages */,
			);
			path = Resources;
			sourceTree = "<group>";
		};
		3A974244270A606500BA2B59 /* macOS (App) */ = {
			isa = PBXGroup;
			children = (
				3A757AB42681133800EE7CFF /* PrivacyRedirectApp.swift */,
				3A757AB62681136F00EE7CFF /* ContentView.swift */,
				3A00D89426811E490021E0B2 /* AppState.swift */,
				3A9ADC9E2673E3210051292A /* Privacy_Redirect_for_Safari.entitlements */,
				3A9ADCA62673E3210051292A /* Assets.xcassets */,
				3A9ADCA82673E3210051292A /* Info.plist */,
			);
			path = "macOS (App)";
			sourceTree = "<group>";
		};
		3A974245270A60AF00BA2B59 /* macOS (Extension) */ = {
			isa = PBXGroup;
			children = (
				3A7954142718B0E80074E832 /* Resources */,
				3A9ADCB52673E3220051292A /* SafariWebExtensionHandler.swift */,
				3A9ADCB72673E3220051292A /* Info.plist */,
				3A9ADCB82673E3220051292A /* Privacy_Redirect_for_Safari_Extension.entitlements */,
			);
			path = "macOS (Extension)";
			sourceTree = "<group>";
		};
		3A9ADC922673E3210051292A = {
			isa = PBXGroup;
			children = (
				3A9ADC9D2673E3210051292A /* Shared (App) */,
				3A9ADCB42673E3220051292A /* Shared (Extension) */,
				3A7218A1270A5BB7000A271D /* iOS (App) */,
				3A974244270A606500BA2B59 /* macOS (App) */,
				3A7218C0270A5BB8000A271D /* iOS (Extension) */,
				3A974245270A60AF00BA2B59 /* macOS (Extension) */,
				3A9ADCB12673E3220051292A /* Frameworks */,
				3A9ADC9C2673E3210051292A /* Products */,
			);
			sourceTree = "<group>";
		};
		3A9ADC9C2673E3210051292A /* Products */ = {
			isa = PBXGroup;
			children = (
				3A9ADC9B2673E3210051292A /* Privacy Redirect for Safari.app */,
				3A9ADCAD2673E3220051292A /* Privacy Redirect for Safari Extension.appex */,
				3A7218A0270A5BB7000A271D /* Privacy Redirect for Safari.app */,
				3A7218BC270A5BB8000A271D /* Privacy Redirect for Safari Extension.appex */,
			);
			name = Products;
			sourceTree = "<group>";
		};
		3A9ADC9D2673E3210051292A /* Shared (App) */ = {
			isa = PBXGroup;
			children = (
				3A42C41126AD1E07005BC5F6 /* SettingsView.swift */,
				3A3436392685059C00AD52A1 /* InstancesView.swift */,
				3AFB01E42685222A005BFDBA /* RawRepresentable */,
			);
			path = "Shared (App)";
			sourceTree = "<group>";
		};
		3A9ADCB12673E3220051292A /* Frameworks */ = {
			isa = PBXGroup;
			children = (
				3A9ADCB22673E3220051292A /* Cocoa.framework */,
			);
			name = Frameworks;
			sourceTree = "<group>";
		};
		3A9ADCB42673E3220051292A /* Shared (Extension) */ = {
			isa = PBXGroup;
			children = (
				3A9ADCC22673E3220051292A /* Resources */,
			);
			path = "Shared (Extension)";
			sourceTree = "<group>";
		};
		3A9ADCC22673E3220051292A /* Resources */ = {
			isa = PBXGroup;
			children = (
				3A71F3172673F606008ECB88 /* assets */,
			);
			name = Resources;
			path = "Shared (Extension)";
			sourceTree = SOURCE_ROOT;
		};
		3AFB01E42685222A005BFDBA /* RawRepresentable */ = {
			isa = PBXGroup;
			children = (
				3AFB01E526852253005BFDBA /* Dictionary+RawRepresentable.swift */,
				3AFB01E726852273005BFDBA /* Array+RawRepresentable.swift */,
			);
			path = RawRepresentable;
			sourceTree = "<group>";
		};
/* End PBXGroup section */

/* Begin PBXNativeTarget section */
		3A72189F270A5BB6000A271D /* Privacy Redirect for Safari (iOS) */ = {
			isa = PBXNativeTarget;
			buildConfigurationList = 3A7218DC270A5BB8000A271D /* Build configuration list for PBXNativeTarget "Privacy Redirect for Safari (iOS)" */;
			buildPhases = (
				3A72189C270A5BB6000A271D /* Sources */,
				3A72189D270A5BB6000A271D /* Frameworks */,
				3A72189E270A5BB6000A271D /* Resources */,
				3A7218D8270A5BB8000A271D /* Embed App Extensions */,
			);
			buildRules = (
			);
			dependencies = (
				3A7218BF270A5BB8000A271D /* PBXTargetDependency */,
			);
			name = "Privacy Redirect for Safari (iOS)";
			productName = "Privacy Redirect for Safari (iOS)";
			productReference = 3A7218A0270A5BB7000A271D /* Privacy Redirect for Safari.app */;
			productType = "com.apple.product-type.application";
		};
		3A7218BB270A5BB8000A271D /* Privacy Redirect for Safari Extension (iOS) */ = {
			isa = PBXNativeTarget;
			buildConfigurationList = 3A7218DB270A5BB8000A271D /* Build configuration list for PBXNativeTarget "Privacy Redirect for Safari Extension (iOS)" */;
			buildPhases = (
				3A7218B8270A5BB8000A271D /* Sources */,
				3A7218B9270A5BB8000A271D /* Frameworks */,
				3A7218BA270A5BB8000A271D /* Resources */,
			);
			buildRules = (
			);
			dependencies = (
			);
			name = "Privacy Redirect for Safari Extension (iOS)";
			productName = "Privacy Redirect for Safari (iOS) Extension";
			productReference = 3A7218BC270A5BB8000A271D /* Privacy Redirect for Safari Extension.appex */;
			productType = "com.apple.product-type.app-extension";
		};
		3A9ADC9A2673E3210051292A /* Privacy Redirect for Safari (macOS) */ = {
			isa = PBXNativeTarget;
			buildConfigurationList = 3A9ADCBF2673E3220051292A /* Build configuration list for PBXNativeTarget "Privacy Redirect for Safari (macOS)" */;
			buildPhases = (
				3A9ADC972673E3210051292A /* Sources */,
				3A9ADC982673E3210051292A /* Frameworks */,
				3A9ADC992673E3210051292A /* Resources */,
				3A9ADCBE2673E3220051292A /* Embed App Extensions */,
			);
			buildRules = (
			);
			dependencies = (
				3A9ADCB02673E3220051292A /* PBXTargetDependency */,
			);
			name = "Privacy Redirect for Safari (macOS)";
			productName = "Privacy Redirect for Safari";
			productReference = 3A9ADC9B2673E3210051292A /* Privacy Redirect for Safari.app */;
			productType = "com.apple.product-type.application";
		};
		3A9ADCAC2673E3220051292A /* Privacy Redirect for Safari Extension (macOS) */ = {
			isa = PBXNativeTarget;
			buildConfigurationList = 3A9ADCBB2673E3220051292A /* Build configuration list for PBXNativeTarget "Privacy Redirect for Safari Extension (macOS)" */;
			buildPhases = (
				3A9ADCA92673E3220051292A /* Sources */,
				3A9ADCAA2673E3220051292A /* Frameworks */,
				3A9ADCAB2673E3220051292A /* Resources */,
			);
			buildRules = (
			);
			dependencies = (
			);
			name = "Privacy Redirect for Safari Extension (macOS)";
			productName = "Privacy Redirect for Safari Extension";
			productReference = 3A9ADCAD2673E3220051292A /* Privacy Redirect for Safari Extension.appex */;
			productType = "com.apple.product-type.app-extension";
		};
/* End PBXNativeTarget section */

/* Begin PBXProject section */
		3A9ADC932673E3210051292A /* Project object */ = {
			isa = PBXProject;
			attributes = {
				LastSwiftUpdateCheck = 1300;
				LastUpgradeCheck = 1250;
				TargetAttributes = {
					3A72189F270A5BB6000A271D = {
						CreatedOnToolsVersion = 13.0;
					};
					3A7218BB270A5BB8000A271D = {
						CreatedOnToolsVersion = 13.0;
					};
					3A9ADC9A2673E3210051292A = {
						CreatedOnToolsVersion = 12.5;
					};
					3A9ADCAC2673E3220051292A = {
						CreatedOnToolsVersion = 12.5;
					};
				};
			};
			buildConfigurationList = 3A9ADC962673E3210051292A /* Build configuration list for PBXProject "Privacy Redirect for Safari" */;
			compatibilityVersion = "Xcode 9.3";
			developmentRegion = en;
			hasScannedForEncodings = 0;
			knownRegions = (
				en,
				Base,
			);
			mainGroup = 3A9ADC922673E3210051292A;
			productRefGroup = 3A9ADC9C2673E3210051292A /* Products */;
			projectDirPath = "";
			projectRoot = "";
			targets = (
				3A9ADC9A2673E3210051292A /* Privacy Redirect for Safari (macOS) */,
				3A72189F270A5BB6000A271D /* Privacy Redirect for Safari (iOS) */,
				3A9ADCAC2673E3220051292A /* Privacy Redirect for Safari Extension (macOS) */,
				3A7218BB270A5BB8000A271D /* Privacy Redirect for Safari Extension (iOS) */,
			);
		};
/* End PBXProject section */

/* Begin PBXResourcesBuildPhase section */
		3A72189E270A5BB6000A271D /* Resources */ = {
			isa = PBXResourcesBuildPhase;
			buildActionMask = 2147483647;
			files = (
				3A7218D5270A5BB8000A271D /* Assets.xcassets in Resources */,
			);
			runOnlyForDeploymentPostprocessing = 0;
		};
		3A7218BA270A5BB8000A271D /* Resources */ = {
			isa = PBXResourcesBuildPhase;
			buildActionMask = 2147483647;
			files = (
				3A7954132718B0E30074E832 /* assets in Resources */,
				3A7218CB270A5BB8000A271D /* background.js in Resources */,
				3A7218C9270A5BB8000A271D /* manifest.json in Resources */,
			);
			runOnlyForDeploymentPostprocessing = 0;
		};
		3A9ADC992673E3210051292A /* Resources */ = {
			isa = PBXResourcesBuildPhase;
			buildActionMask = 2147483647;
			files = (
				3A9ADCA72673E3210051292A /* Assets.xcassets in Resources */,
			);
			runOnlyForDeploymentPostprocessing = 0;
		};
		3A9ADCAB2673E3220051292A /* Resources */ = {
			isa = PBXResourcesBuildPhase;
			buildActionMask = 2147483647;
			files = (
				3A71F31B2673F606008ECB88 /* assets in Resources */,
				3A71F3192673F606008ECB88 /* manifest.json in Resources */,
				3A71F3182673F606008ECB88 /* pages in Resources */,
			);
			runOnlyForDeploymentPostprocessing = 0;
		};
/* End PBXResourcesBuildPhase section */

/* Begin PBXSourcesBuildPhase section */
		3A72189C270A5BB6000A271D /* Sources */ = {
			isa = PBXSourcesBuildPhase;
			buildActionMask = 2147483647;
			files = (
				3A18F4BF271A13850014F161 /* Array+RawRepresentable.swift in Sources */,
				3A18F4BC271A137A0014F161 /* SettingsView.swift in Sources */,
				3A18F4C3271A154E0014F161 /* ContentView.swift in Sources */,
				3A18F4BD271A137E0014F161 /* InstancesView.swift in Sources */,
				3A18F4C1271A154A0014F161 /* PrivacyRedirectApp.swift in Sources */,
				3A18F4BE271A13830014F161 /* Dictionary+RawRepresentable.swift in Sources */,
			);
			runOnlyForDeploymentPostprocessing = 0;
		};
		3A7218B8270A5BB8000A271D /* Sources */ = {
			isa = PBXSourcesBuildPhase;
			buildActionMask = 2147483647;
			files = (
				3A7218C2270A5BB8000A271D /* SafariWebExtensionHandler.swift in Sources */,
			);
			runOnlyForDeploymentPostprocessing = 0;
		};
		3A9ADC972673E3210051292A /* Sources */ = {
			isa = PBXSourcesBuildPhase;
			buildActionMask = 2147483647;
			files = (
				3A42C41226AD1E07005BC5F6 /* SettingsView.swift in Sources */,
				3AFB01E626852253005BFDBA /* Dictionary+RawRepresentable.swift in Sources */,
				3A00D89526811E490021E0B2 /* AppState.swift in Sources */,
				3A34363A2685059C00AD52A1 /* InstancesView.swift in Sources */,
				3A757AB72681136F00EE7CFF /* ContentView.swift in Sources */,
				3A757AB52681133800EE7CFF /* PrivacyRedirectApp.swift in Sources */,
				3AFB01E826852273005BFDBA /* Array+RawRepresentable.swift in Sources */,
			);
			runOnlyForDeploymentPostprocessing = 0;
		};
		3A9ADCA92673E3220051292A /* Sources */ = {
			isa = PBXSourcesBuildPhase;
			buildActionMask = 2147483647;
			files = (
				3A9ADCB62673E3220051292A /* SafariWebExtensionHandler.swift in Sources */,
			);
			runOnlyForDeploymentPostprocessing = 0;
		};
/* End PBXSourcesBuildPhase section */

/* Begin PBXTargetDependency section */
		3A7218BF270A5BB8000A271D /* PBXTargetDependency */ = {
			isa = PBXTargetDependency;
			target = 3A7218BB270A5BB8000A271D /* Privacy Redirect for Safari Extension (iOS) */;
			targetProxy = 3A7218BE270A5BB8000A271D /* PBXContainerItemProxy */;
		};
		3A9ADCB02673E3220051292A /* PBXTargetDependency */ = {
			isa = PBXTargetDependency;
			target = 3A9ADCAC2673E3220051292A /* Privacy Redirect for Safari Extension (macOS) */;
			targetProxy = 3A9ADCAF2673E3220051292A /* PBXContainerItemProxy */;
		};
/* End PBXTargetDependency section */

/* Begin XCBuildConfiguration section */
		3A7218D6270A5BB8000A271D /* Debug */ = {
			isa = XCBuildConfiguration;
			buildSettings = {
				ALWAYS_EMBED_SWIFT_STANDARD_LIBRARIES = YES;
				ASSETCATALOG_COMPILER_APPICON_NAME = AppIcon;
				ASSETCATALOG_COMPILER_GLOBAL_ACCENT_COLOR_NAME = AccentColor;
				CLANG_CXX_LANGUAGE_STANDARD = "gnu++17";
				CODE_SIGN_STYLE = Automatic;
				CURRENT_PROJECT_VERSION = 1.0.0;
				DEVELOPMENT_TEAM = 9WHCFZ6J4N;
				GENERATE_INFOPLIST_FILE = YES;
				INFOPLIST_FILE = "iOS (App)/Info.plist";
				INFOPLIST_KEY_CFBundleDisplayName = "Privacy Redirect for Safari";
				INFOPLIST_KEY_UIApplicationSupportsIndirectInputEvents = YES;
				INFOPLIST_KEY_UISupportedInterfaceOrientations_iPad = "UIInterfaceOrientationPortrait UIInterfaceOrientationPortraitUpsideDown UIInterfaceOrientationLandscapeLeft UIInterfaceOrientationLandscapeRight";
				INFOPLIST_KEY_UISupportedInterfaceOrientations_iPhone = "UIInterfaceOrientationPortrait UIInterfaceOrientationLandscapeLeft UIInterfaceOrientationLandscapeRight";
				IPHONEOS_DEPLOYMENT_TARGET = 15.0;
				LD_RUNPATH_SEARCH_PATHS = (
					"$(inherited)",
					"@executable_path/Frameworks",
				);
				MARKETING_VERSION = 1.0.0;
				OTHER_LDFLAGS = (
					"-framework",
					SafariServices,
					"-framework",
					WebKit,
				);
				PRODUCT_BUNDLE_IDENTIFIER = "com.smmr-software.Privacy-Redirect-for-Safari";
				PRODUCT_NAME = "Privacy Redirect for Safari";
				SDKROOT = iphoneos;
				SWIFT_EMIT_LOC_STRINGS = YES;
				SWIFT_VERSION = 5.0;
				TARGETED_DEVICE_FAMILY = "1,2";
			};
			name = Debug;
		};
		3A7218D7270A5BB8000A271D /* Release */ = {
			isa = XCBuildConfiguration;
			buildSettings = {
				ALWAYS_EMBED_SWIFT_STANDARD_LIBRARIES = YES;
				ASSETCATALOG_COMPILER_APPICON_NAME = AppIcon;
				ASSETCATALOG_COMPILER_GLOBAL_ACCENT_COLOR_NAME = AccentColor;
				CLANG_CXX_LANGUAGE_STANDARD = "gnu++17";
				CODE_SIGN_STYLE = Automatic;
				CURRENT_PROJECT_VERSION = 1.0.0;
				DEVELOPMENT_TEAM = 9WHCFZ6J4N;
				GENERATE_INFOPLIST_FILE = YES;
				INFOPLIST_FILE = "iOS (App)/Info.plist";
				INFOPLIST_KEY_CFBundleDisplayName = "Privacy Redirect for Safari";
				INFOPLIST_KEY_UIApplicationSupportsIndirectInputEvents = YES;
				INFOPLIST_KEY_UISupportedInterfaceOrientations_iPad = "UIInterfaceOrientationPortrait UIInterfaceOrientationPortraitUpsideDown UIInterfaceOrientationLandscapeLeft UIInterfaceOrientationLandscapeRight";
				INFOPLIST_KEY_UISupportedInterfaceOrientations_iPhone = "UIInterfaceOrientationPortrait UIInterfaceOrientationLandscapeLeft UIInterfaceOrientationLandscapeRight";
				IPHONEOS_DEPLOYMENT_TARGET = 15.0;
				LD_RUNPATH_SEARCH_PATHS = (
					"$(inherited)",
					"@executable_path/Frameworks",
				);
				MARKETING_VERSION = 1.0.0;
				OTHER_LDFLAGS = (
					"-framework",
					SafariServices,
					"-framework",
					WebKit,
				);
				PRODUCT_BUNDLE_IDENTIFIER = "com.smmr-software.Privacy-Redirect-for-Safari";
				PRODUCT_NAME = "Privacy Redirect for Safari";
				SDKROOT = iphoneos;
				SWIFT_EMIT_LOC_STRINGS = YES;
				SWIFT_VERSION = 5.0;
				TARGETED_DEVICE_FAMILY = "1,2";
				VALIDATE_PRODUCT = YES;
			};
			name = Release;
		};
		3A7218D9270A5BB8000A271D /* Debug */ = {
			isa = XCBuildConfiguration;
			buildSettings = {
				CLANG_CXX_LANGUAGE_STANDARD = "gnu++17";
				CODE_SIGN_STYLE = Automatic;
				CURRENT_PROJECT_VERSION = 1.0.0;
				DEVELOPMENT_TEAM = 9WHCFZ6J4N;
				GENERATE_INFOPLIST_FILE = YES;
				INFOPLIST_FILE = "iOS (Extension)/Info.plist";
				INFOPLIST_KEY_CFBundleDisplayName = "Privacy Redirect for Safari Extension";
				INFOPLIST_KEY_NSHumanReadableCopyright = "";
				IPHONEOS_DEPLOYMENT_TARGET = 15.0;
				LD_RUNPATH_SEARCH_PATHS = (
					"$(inherited)",
					"@executable_path/Frameworks",
					"@executable_path/../../Frameworks",
				);
				MARKETING_VERSION = 1.0.0;
				OTHER_LDFLAGS = (
					"-framework",
					SafariServices,
				);
				PRODUCT_BUNDLE_IDENTIFIER = "com.smmr-software.Privacy-Redirect-for-Safari.Extension";
				PRODUCT_NAME = "Privacy Redirect for Safari Extension";
				SDKROOT = iphoneos;
				SKIP_INSTALL = YES;
				SWIFT_EMIT_LOC_STRINGS = YES;
				SWIFT_VERSION = 5.0;
				TARGETED_DEVICE_FAMILY = "1,2";
			};
			name = Debug;
		};
		3A7218DA270A5BB8000A271D /* Release */ = {
			isa = XCBuildConfiguration;
			buildSettings = {
				CLANG_CXX_LANGUAGE_STANDARD = "gnu++17";
				CODE_SIGN_STYLE = Automatic;
				CURRENT_PROJECT_VERSION = 1.0.0;
				DEVELOPMENT_TEAM = 9WHCFZ6J4N;
				GENERATE_INFOPLIST_FILE = YES;
				INFOPLIST_FILE = "iOS (Extension)/Info.plist";
				INFOPLIST_KEY_CFBundleDisplayName = "Privacy Redirect for Safari Extension";
				INFOPLIST_KEY_NSHumanReadableCopyright = "";
				IPHONEOS_DEPLOYMENT_TARGET = 15.0;
				LD_RUNPATH_SEARCH_PATHS = (
					"$(inherited)",
					"@executable_path/Frameworks",
					"@executable_path/../../Frameworks",
				);
				MARKETING_VERSION = 1.0.0;
				OTHER_LDFLAGS = (
					"-framework",
					SafariServices,
				);
				PRODUCT_BUNDLE_IDENTIFIER = "com.smmr-software.Privacy-Redirect-for-Safari.Extension";
				PRODUCT_NAME = "Privacy Redirect for Safari Extension";
				SDKROOT = iphoneos;
				SKIP_INSTALL = YES;
				SWIFT_EMIT_LOC_STRINGS = YES;
				SWIFT_VERSION = 5.0;
				TARGETED_DEVICE_FAMILY = "1,2";
				VALIDATE_PRODUCT = YES;
			};
			name = Release;
		};
		3A9ADCB92673E3220051292A /* Debug */ = {
			isa = XCBuildConfiguration;
			buildSettings = {
				ALWAYS_SEARCH_USER_PATHS = NO;
				CLANG_ANALYZER_NONNULL = YES;
				CLANG_ANALYZER_NUMBER_OBJECT_CONVERSION = YES_AGGRESSIVE;
				CLANG_CXX_LANGUAGE_STANDARD = "gnu++14";
				CLANG_CXX_LIBRARY = "libc++";
				CLANG_ENABLE_MODULES = YES;
				CLANG_ENABLE_OBJC_ARC = YES;
				CLANG_ENABLE_OBJC_WEAK = YES;
				CLANG_WARN_BLOCK_CAPTURE_AUTORELEASING = YES;
				CLANG_WARN_BOOL_CONVERSION = YES;
				CLANG_WARN_COMMA = YES;
				CLANG_WARN_CONSTANT_CONVERSION = YES;
				CLANG_WARN_DEPRECATED_OBJC_IMPLEMENTATIONS = YES;
				CLANG_WARN_DIRECT_OBJC_ISA_USAGE = YES_ERROR;
				CLANG_WARN_DOCUMENTATION_COMMENTS = YES;
				CLANG_WARN_EMPTY_BODY = YES;
				CLANG_WARN_ENUM_CONVERSION = YES;
				CLANG_WARN_INFINITE_RECURSION = YES;
				CLANG_WARN_INT_CONVERSION = YES;
				CLANG_WARN_NON_LITERAL_NULL_CONVERSION = YES;
				CLANG_WARN_OBJC_IMPLICIT_RETAIN_SELF = YES;
				CLANG_WARN_OBJC_LITERAL_CONVERSION = YES;
				CLANG_WARN_OBJC_ROOT_CLASS = YES_ERROR;
				CLANG_WARN_QUOTED_INCLUDE_IN_FRAMEWORK_HEADER = YES;
				CLANG_WARN_RANGE_LOOP_ANALYSIS = YES;
				CLANG_WARN_STRICT_PROTOTYPES = YES;
				CLANG_WARN_SUSPICIOUS_MOVE = YES;
				CLANG_WARN_UNGUARDED_AVAILABILITY = YES_AGGRESSIVE;
				CLANG_WARN_UNREACHABLE_CODE = YES;
				CLANG_WARN__DUPLICATE_METHOD_MATCH = YES;
				COPY_PHASE_STRIP = NO;
				DEBUG_INFORMATION_FORMAT = dwarf;
				ENABLE_STRICT_OBJC_MSGSEND = YES;
				ENABLE_TESTABILITY = YES;
				GCC_C_LANGUAGE_STANDARD = gnu11;
				GCC_DYNAMIC_NO_PIC = NO;
				GCC_NO_COMMON_BLOCKS = YES;
				GCC_OPTIMIZATION_LEVEL = 0;
				GCC_PREPROCESSOR_DEFINITIONS = (
					"DEBUG=1",
					"$(inherited)",
				);
				GCC_WARN_64_TO_32_BIT_CONVERSION = YES;
				GCC_WARN_ABOUT_RETURN_TYPE = YES_ERROR;
				GCC_WARN_UNDECLARED_SELECTOR = YES;
				GCC_WARN_UNINITIALIZED_AUTOS = YES_AGGRESSIVE;
				GCC_WARN_UNUSED_FUNCTION = YES;
				GCC_WARN_UNUSED_VARIABLE = YES;
				MACOSX_DEPLOYMENT_TARGET = 11.3;
				MTL_ENABLE_DEBUG_INFO = INCLUDE_SOURCE;
				MTL_FAST_MATH = YES;
				ONLY_ACTIVE_ARCH = YES;
				SDKROOT = macosx;
				SWIFT_ACTIVE_COMPILATION_CONDITIONS = DEBUG;
				SWIFT_OPTIMIZATION_LEVEL = "-Onone";
			};
			name = Debug;
		};
		3A9ADCBA2673E3220051292A /* Release */ = {
			isa = XCBuildConfiguration;
			buildSettings = {
				ALWAYS_SEARCH_USER_PATHS = NO;
				CLANG_ANALYZER_NONNULL = YES;
				CLANG_ANALYZER_NUMBER_OBJECT_CONVERSION = YES_AGGRESSIVE;
				CLANG_CXX_LANGUAGE_STANDARD = "gnu++14";
				CLANG_CXX_LIBRARY = "libc++";
				CLANG_ENABLE_MODULES = YES;
				CLANG_ENABLE_OBJC_ARC = YES;
				CLANG_ENABLE_OBJC_WEAK = YES;
				CLANG_WARN_BLOCK_CAPTURE_AUTORELEASING = YES;
				CLANG_WARN_BOOL_CONVERSION = YES;
				CLANG_WARN_COMMA = YES;
				CLANG_WARN_CONSTANT_CONVERSION = YES;
				CLANG_WARN_DEPRECATED_OBJC_IMPLEMENTATIONS = YES;
				CLANG_WARN_DIRECT_OBJC_ISA_USAGE = YES_ERROR;
				CLANG_WARN_DOCUMENTATION_COMMENTS = YES;
				CLANG_WARN_EMPTY_BODY = YES;
				CLANG_WARN_ENUM_CONVERSION = YES;
				CLANG_WARN_INFINITE_RECURSION = YES;
				CLANG_WARN_INT_CONVERSION = YES;
				CLANG_WARN_NON_LITERAL_NULL_CONVERSION = YES;
				CLANG_WARN_OBJC_IMPLICIT_RETAIN_SELF = YES;
				CLANG_WARN_OBJC_LITERAL_CONVERSION = YES;
				CLANG_WARN_OBJC_ROOT_CLASS = YES_ERROR;
				CLANG_WARN_QUOTED_INCLUDE_IN_FRAMEWORK_HEADER = YES;
				CLANG_WARN_RANGE_LOOP_ANALYSIS = YES;
				CLANG_WARN_STRICT_PROTOTYPES = YES;
				CLANG_WARN_SUSPICIOUS_MOVE = YES;
				CLANG_WARN_UNGUARDED_AVAILABILITY = YES_AGGRESSIVE;
				CLANG_WARN_UNREACHABLE_CODE = YES;
				CLANG_WARN__DUPLICATE_METHOD_MATCH = YES;
				COPY_PHASE_STRIP = NO;
				DEBUG_INFORMATION_FORMAT = "dwarf-with-dsym";
				ENABLE_NS_ASSERTIONS = NO;
				ENABLE_STRICT_OBJC_MSGSEND = YES;
				GCC_C_LANGUAGE_STANDARD = gnu11;
				GCC_NO_COMMON_BLOCKS = YES;
				GCC_WARN_64_TO_32_BIT_CONVERSION = YES;
				GCC_WARN_ABOUT_RETURN_TYPE = YES_ERROR;
				GCC_WARN_UNDECLARED_SELECTOR = YES;
				GCC_WARN_UNINITIALIZED_AUTOS = YES_AGGRESSIVE;
				GCC_WARN_UNUSED_FUNCTION = YES;
				GCC_WARN_UNUSED_VARIABLE = YES;
				MACOSX_DEPLOYMENT_TARGET = 11.3;
				MTL_ENABLE_DEBUG_INFO = NO;
				MTL_FAST_MATH = YES;
				SDKROOT = macosx;
				SWIFT_COMPILATION_MODE = wholemodule;
				SWIFT_OPTIMIZATION_LEVEL = "-O";
			};
			name = Release;
		};
		3A9ADCBC2673E3220051292A /* Debug */ = {
			isa = XCBuildConfiguration;
			buildSettings = {
				CODE_SIGN_ENTITLEMENTS = "macOS (Extension)/Privacy_Redirect_for_Safari_Extension.entitlements";
				CODE_SIGN_STYLE = Automatic;
				DEVELOPMENT_TEAM = 9WHCFZ6J4N;
				ENABLE_HARDENED_RUNTIME = YES;
				INFOPLIST_FILE = "macOS (Extension)/Info.plist";
				LD_RUNPATH_SEARCH_PATHS = (
					"$(inherited)",
					"@executable_path/../Frameworks",
					"@executable_path/../../../../Frameworks",
				);
				MACOSX_DEPLOYMENT_TARGET = 11.0;
				PRODUCT_BUNDLE_IDENTIFIER = "com.smmr-software.Privacy-Redirect-for-Safari.Extension";
				PRODUCT_NAME = "Privacy Redirect for Safari Extension";
				SKIP_INSTALL = YES;
				SWIFT_VERSION = 5.0;
			};
			name = Debug;
		};
		3A9ADCBD2673E3220051292A /* Release */ = {
			isa = XCBuildConfiguration;
			buildSettings = {
				CODE_SIGN_ENTITLEMENTS = "macOS (Extension)/Privacy_Redirect_for_Safari_Extension.entitlements";
				CODE_SIGN_STYLE = Automatic;
				DEVELOPMENT_TEAM = 9WHCFZ6J4N;
				ENABLE_HARDENED_RUNTIME = YES;
				INFOPLIST_FILE = "macOS (Extension)/Info.plist";
				LD_RUNPATH_SEARCH_PATHS = (
					"$(inherited)",
					"@executable_path/../Frameworks",
					"@executable_path/../../../../Frameworks",
				);
				MACOSX_DEPLOYMENT_TARGET = 11.0;
				PRODUCT_BUNDLE_IDENTIFIER = "com.smmr-software.Privacy-Redirect-for-Safari.Extension";
				PRODUCT_NAME = "Privacy Redirect for Safari Extension";
				SKIP_INSTALL = YES;
				SWIFT_VERSION = 5.0;
			};
			name = Release;
		};
		3A9ADCC02673E3220051292A /* Debug */ = {
			isa = XCBuildConfiguration;
			buildSettings = {
				ALWAYS_EMBED_SWIFT_STANDARD_LIBRARIES = YES;
				ASSETCATALOG_COMPILER_APPICON_NAME = AppIcon;
				ASSETCATALOG_COMPILER_GLOBAL_ACCENT_COLOR_NAME = AccentColor;
				CODE_SIGN_ENTITLEMENTS = "macOS (App)/Privacy_Redirect_for_Safari.entitlements";
				CODE_SIGN_STYLE = Automatic;
				COMBINE_HIDPI_IMAGES = YES;
				DEVELOPMENT_TEAM = 9WHCFZ6J4N;
				ENABLE_HARDENED_RUNTIME = YES;
				INFOPLIST_FILE = "macOS (App)/Info.plist";
				LD_RUNPATH_SEARCH_PATHS = (
					"$(inherited)",
					"@executable_path/../Frameworks",
				);
				MACOSX_DEPLOYMENT_TARGET = 11.0;
				PRODUCT_BUNDLE_IDENTIFIER = "com.smmr-software.Privacy-Redirect-for-Safari";
				PRODUCT_NAME = "Privacy Redirect for Safari";
				SWIFT_VERSION = 5.0;
			};
			name = Debug;
		};
		3A9ADCC12673E3220051292A /* Release */ = {
			isa = XCBuildConfiguration;
			buildSettings = {
				ALWAYS_EMBED_SWIFT_STANDARD_LIBRARIES = YES;
				ASSETCATALOG_COMPILER_APPICON_NAME = AppIcon;
				ASSETCATALOG_COMPILER_GLOBAL_ACCENT_COLOR_NAME = AccentColor;
				CODE_SIGN_ENTITLEMENTS = "macOS (App)/Privacy_Redirect_for_Safari.entitlements";
				CODE_SIGN_STYLE = Automatic;
				COMBINE_HIDPI_IMAGES = YES;
				DEVELOPMENT_TEAM = 9WHCFZ6J4N;
				ENABLE_HARDENED_RUNTIME = YES;
				INFOPLIST_FILE = "macOS (App)/Info.plist";
				LD_RUNPATH_SEARCH_PATHS = (
					"$(inherited)",
					"@executable_path/../Frameworks",
				);
				MACOSX_DEPLOYMENT_TARGET = 11.0;
				PRODUCT_BUNDLE_IDENTIFIER = "com.smmr-software.Privacy-Redirect-for-Safari";
				PRODUCT_NAME = "Privacy Redirect for Safari";
				SWIFT_VERSION = 5.0;
			};
			name = Release;
		};
/* End XCBuildConfiguration section */

/* Begin XCConfigurationList section */
		3A7218DB270A5BB8000A271D /* Build configuration list for PBXNativeTarget "Privacy Redirect for Safari Extension (iOS)" */ = {
			isa = XCConfigurationList;
			buildConfigurations = (
				3A7218D9270A5BB8000A271D /* Debug */,
				3A7218DA270A5BB8000A271D /* Release */,
			);
			defaultConfigurationIsVisible = 0;
			defaultConfigurationName = Release;
		};
		3A7218DC270A5BB8000A271D /* Build configuration list for PBXNativeTarget "Privacy Redirect for Safari (iOS)" */ = {
			isa = XCConfigurationList;
			buildConfigurations = (
				3A7218D6270A5BB8000A271D /* Debug */,
				3A7218D7270A5BB8000A271D /* Release */,
			);
			defaultConfigurationIsVisible = 0;
			defaultConfigurationName = Release;
		};
		3A9ADC962673E3210051292A /* Build configuration list for PBXProject "Privacy Redirect for Safari" */ = {
			isa = XCConfigurationList;
			buildConfigurations = (
				3A9ADCB92673E3220051292A /* Debug */,
				3A9ADCBA2673E3220051292A /* Release */,
			);
			defaultConfigurationIsVisible = 0;
			defaultConfigurationName = Release;
		};
		3A9ADCBB2673E3220051292A /* Build configuration list for PBXNativeTarget "Privacy Redirect for Safari Extension (macOS)" */ = {
			isa = XCConfigurationList;
			buildConfigurations = (
				3A9ADCBC2673E3220051292A /* Debug */,
				3A9ADCBD2673E3220051292A /* Release */,
			);
			defaultConfigurationIsVisible = 0;
			defaultConfigurationName = Release;
		};
		3A9ADCBF2673E3220051292A /* Build configuration list for PBXNativeTarget "Privacy Redirect for Safari (macOS)" */ = {
			isa = XCConfigurationList;
			buildConfigurations = (
				3A9ADCC02673E3220051292A /* Debug */,
				3A9ADCC12673E3220051292A /* Release */,
			);
			defaultConfigurationIsVisible = 0;
			defaultConfigurationName = Release;
		};
/* End XCConfigurationList section */
	};
	rootObject = 3A9ADC932673E3210051292A /* Project object */;
}
